
Microsoft Visual Studio Solution File, Format Version 12.00
# Visual Studio Version 17
VisualStudioVersion = 17.14.36221.1
MinimumVisualStudioVersion = 10.0.40219.1
Project("{FAE04EC0-301F-11D3-BF4B-00C04F79EFBC}") = "TaskManagement.Tests", "TaskManagement.Tests\TaskManagement.Tests.csproj", "{598B11B0-AF0C-3CC8-E62B-F803EDE8CFF3}"
EndProject
Project("{FAE04EC0-301F-11D3-BF4B-00C04F79EFBC}") = "TaskManagement", "TaskManagement\TaskManagement.csproj", "{0573BCCE-F888-C21E-FEEE-4567D6F83AEF}"
EndProject
Global
	GlobalSection(SolutionConfigurationPlatforms) = preSolution
		Debug|Any CPU = Debug|Any CPU
		Debug|x64 = Debug|x64
		Debug|x86 = Debug|x86
		Release|Any CPU = Release|Any CPU
		Release|x64 = Release|x64
		Release|x86 = Release|x86
	EndGlobalSection
	GlobalSection(ProjectConfigurationPlatforms) = postSolution
		{598B11B0-AF0C-3CC8-E62B-F803EDE8CFF3}.Debug|Any CPU.ActiveCfg = Debug|Any CPU
		{598B11B0-AF0C-3CC8-E62B-F803EDE8CFF3}.Debug|Any CPU.Build.0 = Debug|Any CPU
		{598B11B0-AF0C-3CC8-E62B-F803EDE8CFF3}.Debug|x64.ActiveCfg = Debug|Any CPU
		{598B11B0-AF0C-3CC8-E62B-F803EDE8CFF3}.Debug|x64.Build.0 = Debug|Any CPU
		{598B11B0-AF0C-3CC8-E62B-F803EDE8CFF3}.Debug|x86.ActiveCfg = Debug|Any CPU
		{598B11B0-AF0C-3CC8-E62B-F803EDE8CFF3}.Debug|x86.Build.0 = Debug|Any CPU
		{598B11B0-AF0C-3CC8-E62B-F803EDE8CFF3}.Release|Any CPU.ActiveCfg = Release|Any CPU
		{598B11B0-AF0C-3CC8-E62B-F803EDE8CFF3}.Release|Any CPU.Build.0 = Release|Any CPU
		{598B11B0-AF0C-3CC8-E62B-F803EDE8CFF3}.Release|x64.ActiveCfg = Release|Any CPU
		{598B11B0-AF0C-3CC8-E62B-F803EDE8CFF3}.Release|x64.Build.0 = Release|Any CPU
		{598B11B0-AF0C-3CC8-E62B-F803EDE8CFF3}.Release|x86.ActiveCfg = Release|Any CPU
		{598B11B0-AF0C-3CC8-E62B-F803EDE8CFF3}.Release|x86.Build.0 = Release|Any CPU
		{0573BCCE-F888-C21E-FEEE-4567D6F83AEF}.Debug|Any CPU.ActiveCfg = Debug|Any CPU
		{0573BCCE-F888-C21E-FEEE-4567D6F83AEF}.Debug|Any CPU.Build.0 = Debug|Any CPU
		{0573BCCE-F888-C21E-FEEE-4567D6F83AEF}.Debug|x64.ActiveCfg = Debug|Any CPU
		{0573BCCE-F888-C21E-FEEE-4567D6F83AEF}.Debug|x64.Build.0 = Debug|Any CPU
		{0573BCCE-F888-C21E-FEEE-4567D6F83AEF}.Debug|x86.ActiveCfg = Debug|Any CPU
		{0573BCCE-F888-C21E-FEEE-4567D6F83AEF}.Debug|x86.Build.0 = Debug|Any CPU
		{0573BCCE-F888-C21E-FEEE-4567D6F83AEF}.Release|Any CPU.ActiveCfg = Release|Any CPU
		{0573BCCE-F888-C21E-FEEE-4567D6F83AEF}.Release|Any CPU.Build.0 = Release|Any CPU
		{0573BCCE-F888-C21E-FEEE-4567D6F83AEF}.Release|x64.ActiveCfg = Release|Any CPU
		{0573BCCE-F888-C21E-FEEE-4567D6F83AEF}.Release|x64.Build.0 = Release|Any CPU
		{0573BCCE-F888-C21E-FEEE-4567D6F83AEF}.Release|x86.ActiveCfg = Release|Any CPU
		{0573BCCE-F888-C21E-FEEE-4567D6F83AEF}.Release|x86.Build.0 = Release|Any CPU
	EndGlobalSection
	GlobalSection(SolutionProperties) = preSolution
		HideSolutionNode = FALSE
	EndGlobalSection
	GlobalSection(ExtensibilityGlobals) = postSolution
		SolutionGuid = {DB9CFB15-8057-4605-B091-ED0181072236}
	EndGlobalSection
EndGlobal
