
Microsoft Visual Studio Solution File, Format Version 12.00
# Visual Studio Version 17
VisualStudioVersion = 17.14.36221.1
MinimumVisualStudioVersion = 10.0.40219.1
Project("{FAE04EC0-301F-11D3-BF4B-00C04F79EFBC}") = "TaskManagement", "TaskManagement.csproj", "{326527E7-389F-436D-8300-CE9F437AF771}"
EndProject
Project("{FAE04EC0-301F-11D3-BF4B-00C04F79EFBC}") = "TaskManagement.Tests", "..\TaskManagement.Tests\TaskManagement.Tests.csproj", "{20D55C6A-9995-4AFD-A97C-17EDF5572688}"
	ProjectSection(ProjectDependencies) = postProject
		{326527E7-389F-436D-8300-CE9F437AF771} = {326527E7-389F-436D-8300-CE9F437AF771}
	EndProjectSection
EndProject
Global
	GlobalSection(SolutionConfigurationPlatforms) = preSolution
		Debug|Any CPU = Debug|Any CPU
		Debug|x64 = Debug|x64
		Debug|x86 = Debug|x86
		Release|Any CPU = Release|Any CPU
		Release|x64 = Release|x64
		Release|x86 = Release|x86
	EndGlobalSection
	GlobalSection(ProjectConfigurationPlatforms) = postSolution
		{326527E7-389F-436D-8300-CE9F437AF771}.Debug|Any CPU.ActiveCfg = Debug|Any CPU
		{326527E7-389F-436D-8300-CE9F437AF771}.Debug|Any CPU.Build.0 = Debug|Any CPU
		{326527E7-389F-436D-8300-CE9F437AF771}.Debug|x64.ActiveCfg = Debug|Any CPU
		{326527E7-389F-436D-8300-CE9F437AF771}.Debug|x64.Build.0 = Debug|Any CPU
		{326527E7-389F-436D-8300-CE9F437AF771}.Debug|x86.ActiveCfg = Debug|Any CPU
		{326527E7-389F-436D-8300-CE9F437AF771}.Debug|x86.Build.0 = Debug|Any CPU
		{326527E7-389F-436D-8300-CE9F437AF771}.Release|Any CPU.ActiveCfg = Release|Any CPU
		{326527E7-389F-436D-8300-CE9F437AF771}.Release|Any CPU.Build.0 = Release|Any CPU
		{326527E7-389F-436D-8300-CE9F437AF771}.Release|x64.ActiveCfg = Release|Any CPU
		{326527E7-389F-436D-8300-CE9F437AF771}.Release|x64.Build.0 = Release|Any CPU
		{326527E7-389F-436D-8300-CE9F437AF771}.Release|x86.ActiveCfg = Release|Any CPU
		{326527E7-389F-436D-8300-CE9F437AF771}.Release|x86.Build.0 = Release|Any CPU
		{20D55C6A-9995-4AFD-A97C-17EDF5572688}.Debug|Any CPU.ActiveCfg = Debug|Any CPU
		{20D55C6A-9995-4AFD-A97C-17EDF5572688}.Debug|Any CPU.Build.0 = Debug|Any CPU
		{20D55C6A-9995-4AFD-A97C-17EDF5572688}.Debug|x64.ActiveCfg = Debug|Any CPU
		{20D55C6A-9995-4AFD-A97C-17EDF5572688}.Debug|x64.Build.0 = Debug|Any CPU
		{20D55C6A-9995-4AFD-A97C-17EDF5572688}.Debug|x86.ActiveCfg = Debug|Any CPU
		{20D55C6A-9995-4AFD-A97C-17EDF5572688}.Debug|x86.Build.0 = Debug|Any CPU
		{20D55C6A-9995-4AFD-A97C-17EDF5572688}.Release|Any CPU.ActiveCfg = Release|Any CPU
		{20D55C6A-9995-4AFD-A97C-17EDF5572688}.Release|Any CPU.Build.0 = Release|Any CPU
		{20D55C6A-9995-4AFD-A97C-17EDF5572688}.Release|x64.ActiveCfg = Release|Any CPU
		{20D55C6A-9995-4AFD-A97C-17EDF5572688}.Release|x64.Build.0 = Release|Any CPU
		{20D55C6A-9995-4AFD-A97C-17EDF5572688}.Release|x86.ActiveCfg = Release|Any CPU
		{20D55C6A-9995-4AFD-A97C-17EDF5572688}.Release|x86.Build.0 = Release|Any CPU
	EndGlobalSection
	GlobalSection(SolutionProperties) = preSolution
		HideSolutionNode = FALSE
	EndGlobalSection
	GlobalSection(ExtensibilityGlobals) = postSolution
		SolutionGuid = {DB9CFB15-8057-4605-B091-ED0181072236}
	EndGlobalSection
EndGlobal
